// !$*UTF8*$!
{
	archiveVersion = 1;
	classes = {
	};
	objectVersion = 56;
	objects = {

/* Begin PBXBuildFile section */
		649E98012C4024D700BC3572 /* MenuButton.swift in Sources */ = {isa = PBXBuildFile; fileRef = 649E98002C4024D700BC3572 /* MenuButton.swift */; };
		649E98032C4029DB00BC3572 /* SearchView.swift in Sources */ = {isa = PBXBuildFile; fileRef = 649E98022C4029DB00BC3572 /* SearchView.swift */; };
		64A56A4D2C44266500CB2883 /* GradientButton.swift in Sources */ = {isa = PBXBuildFile; fileRef = 64A56A4C2C44266500CB2883 /* GradientButton.swift */; };
		64A56A4F2C4428E700CB2883 /* Constant.swift in Sources */ = {isa = PBXBuildFile; fileRef = 64A56A4E2C4428E700CB2883 /* Constant.swift */; };
		64A944112C3A501E005812A5 /* AppDelegate.swift in Sources */ = {isa = PBXBuildFile; fileRef = 64A944102C3A501E005812A5 /* AppDelegate.swift */; };
		64A944152C3A501E005812A5 /* MainTabBarController.swift in Sources */ = {isa = PBXBuildFile; fileRef = 64A944142C3A501E005812A5 /* MainTabBarController.swift */; };
		64A9441A2C3A5020005812A5 /* Assets.xcassets in Resources */ = {isa = PBXBuildFile; fileRef = 64A944192C3A5020005812A5 /* Assets.xcassets */; };
		64A9441D2C3A5020005812A5 /* Base in Resources */ = {isa = PBXBuildFile; fileRef = 64A9441C2C3A5020005812A5 /* Base */; };
		64A944282C3A5021005812A5 /* KokoFriendListTests.swift in Sources */ = {isa = PBXBuildFile; fileRef = 64A944272C3A5021005812A5 /* KokoFriendListTests.swift */; };
		64A944322C3A5021005812A5 /* KokoFriendListUITests.swift in Sources */ = {isa = PBXBuildFile; fileRef = 64A944312C3A5021005812A5 /* KokoFriendListUITests.swift */; };
		64A944342C3A5021005812A5 /* KokoFriendListUITestsLaunchTests.swift in Sources */ = {isa = PBXBuildFile; fileRef = 64A944332C3A5021005812A5 /* KokoFriendListUITestsLaunchTests.swift */; };
		64A944422C3A78DF005812A5 /* FriendMainViewController.swift in Sources */ = {isa = PBXBuildFile; fileRef = 64A944412C3A78DF005812A5 /* FriendMainViewController.swift */; };
		64A944472C3A7968005812A5 /* EditMainViewController.swift in Sources */ = {isa = PBXBuildFile; fileRef = 64A944462C3A7968005812A5 /* EditMainViewController.swift */; };
		64A9444A2C3A7F7E005812A5 /* DataProvider.swift in Sources */ = {isa = PBXBuildFile; fileRef = 64A944492C3A7F7E005812A5 /* DataProvider.swift */; };
		64A9444D2C3A8050005812A5 /* AccountInfo.swift in Sources */ = {isa = PBXBuildFile; fileRef = 64A9444C2C3A8050005812A5 /* AccountInfo.swift */; };
		64A9444F2C3A806B005812A5 /* FriendInfo.swift in Sources */ = {isa = PBXBuildFile; fileRef = 64A9444E2C3A806B005812A5 /* FriendInfo.swift */; };
		64A944512C3A80D2005812A5 /* AccountInfoView.swift in Sources */ = {isa = PBXBuildFile; fileRef = 64A944502C3A80D2005812A5 /* AccountInfoView.swift */; };
		64A944532C3A80E9005812A5 /* EmptyView.swift in Sources */ = {isa = PBXBuildFile; fileRef = 64A944522C3A80E9005812A5 /* EmptyView.swift */; };
		64A944552C3A8137005812A5 /* FriendMainViewModel.swift in Sources */ = {isa = PBXBuildFile; fileRef = 64A944542C3A8137005812A5 /* FriendMainViewModel.swift */; };
		64A944572C3A8220005812A5 /* FriendListViewController.swift in Sources */ = {isa = PBXBuildFile; fileRef = 64A944562C3A8220005812A5 /* FriendListViewController.swift */; };
		64A944592C3A822A005812A5 /* FriendListViewModel.swift in Sources */ = {isa = PBXBuildFile; fileRef = 64A944582C3A822A005812A5 /* FriendListViewModel.swift */; };
		64A9445B2C3A825F005812A5 /* FriendListTableViewCell.swift in Sources */ = {isa = PBXBuildFile; fileRef = 64A9445A2C3A825F005812A5 /* FriendListTableViewCell.swift */; };
		64A9445D2C3A8A7A005812A5 /* FriendListSource.swift in Sources */ = {isa = PBXBuildFile; fileRef = 64A9445C2C3A8A7A005812A5 /* FriendListSource.swift */; };
		64A944602C3AD835005812A5 /* UIFontExtension.swift in Sources */ = {isa = PBXBuildFile; fileRef = 64A9445F2C3AD835005812A5 /* UIFontExtension.swift */; };
		64A944622C3AD860005812A5 /* UIColorExtension.swift in Sources */ = {isa = PBXBuildFile; fileRef = 64A944612C3AD860005812A5 /* UIColorExtension.swift */; };
		64AC65E92C3B8D4900E5CADB /* InviteListView.swift in Sources */ = {isa = PBXBuildFile; fileRef = 64AC65E82C3B8D4900E5CADB /* InviteListView.swift */; };
		64AC65EB2C3B9C0100E5CADB /* InviteInfoView.swift in Sources */ = {isa = PBXBuildFile; fileRef = 64AC65EA2C3B9C0100E5CADB /* InviteInfoView.swift */; };
		7E1769A7C1F028EABB4D6826 /* Pods_KokoFriendList.framework in Frameworks */ = {isa = PBXBuildFile; fileRef = 9A2662D62727C0FF5CDAE515 /* Pods_KokoFriendList.framework */; };
		848B62212834136C22D0795D /* Pods_KokoFriendListTests.framework in Frameworks */ = {isa = PBXBuildFile; fileRef = CEBCFFCDA8B48102936147B7 /* Pods_KokoFriendListTests.framework */; };
		BAF6148D265AA628A70F875D /* Pods_KokoFriendList_KokoFriendListUITests.framework in Frameworks */ = {isa = PBXBuildFile; fileRef = D896449275B1D669578EB1F5 /* Pods_KokoFriendList_KokoFriendListUITests.framework */; };
/* End PBXBuildFile section */

/* Begin PBXContainerItemProxy section */
		64A944242C3A5021005812A5 /* PBXContainerItemProxy */ = {
			isa = PBXContainerItemProxy;
			containerPortal = 64A944052C3A501E005812A5 /* Project object */;
			proxyType = 1;
			remoteGlobalIDString = 64A9440C2C3A501E005812A5;
			remoteInfo = KokoFriendList;
		};
		64A9442E2C3A5021005812A5 /* PBXContainerItemProxy */ = {
			isa = PBXContainerItemProxy;
			containerPortal = 64A944052C3A501E005812A5 /* Project object */;
			proxyType = 1;
			remoteGlobalIDString = 64A9440C2C3A501E005812A5;
			remoteInfo = KokoFriendList;
		};
/* End PBXContainerItemProxy section */

/* Begin PBXFileReference section */
		05591EF23CBED0A6671F8227 /* Pods-KokoFriendListTests.release.xcconfig */ = {isa = PBXFileReference; includeInIndex = 1; lastKnownFileType = text.xcconfig; name = "Pods-KokoFriendListTests.release.xcconfig"; path = "Target Support Files/Pods-KokoFriendListTests/Pods-KokoFriendListTests.release.xcconfig"; sourceTree = "<group>"; };
		2642CF2081EFAC64F0D5A881 /* Pods-KokoFriendListTests.debug.xcconfig */ = {isa = PBXFileReference; includeInIndex = 1; lastKnownFileType = text.xcconfig; name = "Pods-KokoFriendListTests.debug.xcconfig"; path = "Target Support Files/Pods-KokoFriendListTests/Pods-KokoFriendListTests.debug.xcconfig"; sourceTree = "<group>"; };
		45FF3AD5D0D96FE6F3958726 /* Pods-KokoFriendList-KokoFriendListUITests.debug.xcconfig */ = {isa = PBXFileReference; includeInIndex = 1; lastKnownFileType = text.xcconfig; name = "Pods-KokoFriendList-KokoFriendListUITests.debug.xcconfig"; path = "Target Support Files/Pods-KokoFriendList-KokoFriendListUITests/Pods-KokoFriendList-KokoFriendListUITests.debug.xcconfig"; sourceTree = "<group>"; };
		649E98002C4024D700BC3572 /* MenuButton.swift */ = {isa = PBXFileReference; lastKnownFileType = sourcecode.swift; path = MenuButton.swift; sourceTree = "<group>"; };
		649E98022C4029DB00BC3572 /* SearchView.swift */ = {isa = PBXFileReference; lastKnownFileType = sourcecode.swift; path = SearchView.swift; sourceTree = "<group>"; };
		64A56A4C2C44266500CB2883 /* GradientButton.swift */ = {isa = PBXFileReference; lastKnownFileType = sourcecode.swift; path = GradientButton.swift; sourceTree = "<group>"; };
		64A56A4E2C4428E700CB2883 /* Constant.swift */ = {isa = PBXFileReference; lastKnownFileType = sourcecode.swift; path = Constant.swift; sourceTree = "<group>"; };
		64A9440D2C3A501E005812A5 /* KokoFriendList.app */ = {isa = PBXFileReference; explicitFileType = wrapper.application; includeInIndex = 0; path = KokoFriendList.app; sourceTree = BUILT_PRODUCTS_DIR; };
		64A944102C3A501E005812A5 /* AppDelegate.swift */ = {isa = PBXFileReference; lastKnownFileType = sourcecode.swift; path = AppDelegate.swift; sourceTree = "<group>"; };
		64A944142C3A501E005812A5 /* MainTabBarController.swift */ = {isa = PBXFileReference; lastKnownFileType = sourcecode.swift; path = MainTabBarController.swift; sourceTree = "<group>"; };
		64A944192C3A5020005812A5 /* Assets.xcassets */ = {isa = PBXFileReference; lastKnownFileType = folder.assetcatalog; path = Assets.xcassets; sourceTree = "<group>"; };
		64A9441C2C3A5020005812A5 /* Base */ = {isa = PBXFileReference; lastKnownFileType = file.storyboard; name = Base; path = Base.lproj/LaunchScreen.storyboard; sourceTree = "<group>"; };
		64A9441E2C3A5020005812A5 /* Info.plist */ = {isa = PBXFileReference; lastKnownFileType = text.plist.xml; path = Info.plist; sourceTree = "<group>"; };
		64A944232C3A5021005812A5 /* KokoFriendListTests.xctest */ = {isa = PBXFileReference; explicitFileType = wrapper.cfbundle; includeInIndex = 0; path = KokoFriendListTests.xctest; sourceTree = BUILT_PRODUCTS_DIR; };
		64A944272C3A5021005812A5 /* KokoFriendListTests.swift */ = {isa = PBXFileReference; lastKnownFileType = sourcecode.swift; path = KokoFriendListTests.swift; sourceTree = "<group>"; };
		64A9442D2C3A5021005812A5 /* KokoFriendListUITests.xctest */ = {isa = PBXFileReference; explicitFileType = wrapper.cfbundle; includeInIndex = 0; path = KokoFriendListUITests.xctest; sourceTree = BUILT_PRODUCTS_DIR; };
		64A944312C3A5021005812A5 /* KokoFriendListUITests.swift */ = {isa = PBXFileReference; lastKnownFileType = sourcecode.swift; path = KokoFriendListUITests.swift; sourceTree = "<group>"; };
		64A944332C3A5021005812A5 /* KokoFriendListUITestsLaunchTests.swift */ = {isa = PBXFileReference; lastKnownFileType = sourcecode.swift; path = KokoFriendListUITestsLaunchTests.swift; sourceTree = "<group>"; };
		64A944412C3A78DF005812A5 /* FriendMainViewController.swift */ = {isa = PBXFileReference; lastKnownFileType = sourcecode.swift; path = FriendMainViewController.swift; sourceTree = "<group>"; };
		64A944462C3A7968005812A5 /* EditMainViewController.swift */ = {isa = PBXFileReference; lastKnownFileType = sourcecode.swift; path = EditMainViewController.swift; sourceTree = "<group>"; };
		64A944492C3A7F7E005812A5 /* DataProvider.swift */ = {isa = PBXFileReference; lastKnownFileType = sourcecode.swift; path = DataProvider.swift; sourceTree = "<group>"; };
		64A9444C2C3A8050005812A5 /* AccountInfo.swift */ = {isa = PBXFileReference; lastKnownFileType = sourcecode.swift; path = AccountInfo.swift; sourceTree = "<group>"; };
		64A9444E2C3A806B005812A5 /* FriendInfo.swift */ = {isa = PBXFileReference; lastKnownFileType = sourcecode.swift; path = FriendInfo.swift; sourceTree = "<group>"; };
		64A944502C3A80D2005812A5 /* AccountInfoView.swift */ = {isa = PBXFileReference; lastKnownFileType = sourcecode.swift; path = AccountInfoView.swift; sourceTree = "<group>"; };
		64A944522C3A80E9005812A5 /* EmptyView.swift */ = {isa = PBXFileReference; lastKnownFileType = sourcecode.swift; path = EmptyView.swift; sourceTree = "<group>"; };
		64A944542C3A8137005812A5 /* FriendMainViewModel.swift */ = {isa = PBXFileReference; lastKnownFileType = sourcecode.swift; path = FriendMainViewModel.swift; sourceTree = "<group>"; };
		64A944562C3A8220005812A5 /* FriendListViewController.swift */ = {isa = PBXFileReference; lastKnownFileType = sourcecode.swift; path = FriendListViewController.swift; sourceTree = "<group>"; };
		64A944582C3A822A005812A5 /* FriendListViewModel.swift */ = {isa = PBXFileReference; lastKnownFileType = sourcecode.swift; path = FriendListViewModel.swift; sourceTree = "<group>"; };
		64A9445A2C3A825F005812A5 /* FriendListTableViewCell.swift */ = {isa = PBXFileReference; lastKnownFileType = sourcecode.swift; path = FriendListTableViewCell.swift; sourceTree = "<group>"; };
		64A9445C2C3A8A7A005812A5 /* FriendListSource.swift */ = {isa = PBXFileReference; lastKnownFileType = sourcecode.swift; path = FriendListSource.swift; sourceTree = "<group>"; };
		64A9445F2C3AD835005812A5 /* UIFontExtension.swift */ = {isa = PBXFileReference; lastKnownFileType = sourcecode.swift; path = UIFontExtension.swift; sourceTree = "<group>"; };
		64A944612C3AD860005812A5 /* UIColorExtension.swift */ = {isa = PBXFileReference; lastKnownFileType = sourcecode.swift; path = UIColorExtension.swift; sourceTree = "<group>"; };
		64AC65E82C3B8D4900E5CADB /* InviteListView.swift */ = {isa = PBXFileReference; lastKnownFileType = sourcecode.swift; path = InviteListView.swift; sourceTree = "<group>"; };
		64AC65EA2C3B9C0100E5CADB /* InviteInfoView.swift */ = {isa = PBXFileReference; lastKnownFileType = sourcecode.swift; path = InviteInfoView.swift; sourceTree = "<group>"; };
		73340F6DD88B5B3CF12276CE /* Pods-KokoFriendList.debug.xcconfig */ = {isa = PBXFileReference; includeInIndex = 1; lastKnownFileType = text.xcconfig; name = "Pods-KokoFriendList.debug.xcconfig"; path = "Target Support Files/Pods-KokoFriendList/Pods-KokoFriendList.debug.xcconfig"; sourceTree = "<group>"; };
		76F21A6DC72454C0940F7DD8 /* Pods-KokoFriendList-KokoFriendListUITests.release.xcconfig */ = {isa = PBXFileReference; includeInIndex = 1; lastKnownFileType = text.xcconfig; name = "Pods-KokoFriendList-KokoFriendListUITests.release.xcconfig"; path = "Target Support Files/Pods-KokoFriendList-KokoFriendListUITests/Pods-KokoFriendList-KokoFriendListUITests.release.xcconfig"; sourceTree = "<group>"; };
		9A2662D62727C0FF5CDAE515 /* Pods_KokoFriendList.framework */ = {isa = PBXFileReference; explicitFileType = wrapper.framework; includeInIndex = 0; path = Pods_KokoFriendList.framework; sourceTree = BUILT_PRODUCTS_DIR; };
		AA3534266256FFD819951B7E /* Pods-KokoFriendList.release.xcconfig */ = {isa = PBXFileReference; includeInIndex = 1; lastKnownFileType = text.xcconfig; name = "Pods-KokoFriendList.release.xcconfig"; path = "Target Support Files/Pods-KokoFriendList/Pods-KokoFriendList.release.xcconfig"; sourceTree = "<group>"; };
		CEBCFFCDA8B48102936147B7 /* Pods_KokoFriendListTests.framework */ = {isa = PBXFileReference; explicitFileType = wrapper.framework; includeInIndex = 0; path = Pods_KokoFriendListTests.framework; sourceTree = BUILT_PRODUCTS_DIR; };
		D896449275B1D669578EB1F5 /* Pods_KokoFriendList_KokoFriendListUITests.framework */ = {isa = PBXFileReference; explicitFileType = wrapper.framework; includeInIndex = 0; path = Pods_KokoFriendList_KokoFriendListUITests.framework; sourceTree = BUILT_PRODUCTS_DIR; };
/* End PBXFileReference section */

/* Begin PBXFrameworksBuildPhase section */
		64A9440A2C3A501E005812A5 /* Frameworks */ = {
			isa = PBXFrameworksBuildPhase;
			buildActionMask = 2147483647;
			files = (
				7E1769A7C1F028EABB4D6826 /* Pods_KokoFriendList.framework in Frameworks */,
			);
			runOnlyForDeploymentPostprocessing = 0;
		};
		64A944202C3A5021005812A5 /* Frameworks */ = {
			isa = PBXFrameworksBuildPhase;
			buildActionMask = 2147483647;
			files = (
				848B62212834136C22D0795D /* Pods_KokoFriendListTests.framework in Frameworks */,
			);
			runOnlyForDeploymentPostprocessing = 0;
		};
		64A9442A2C3A5021005812A5 /* Frameworks */ = {
			isa = PBXFrameworksBuildPhase;
			buildActionMask = 2147483647;
			files = (
				BAF6148D265AA628A70F875D /* Pods_KokoFriendList_KokoFriendListUITests.framework in Frameworks */,
			);
			runOnlyForDeploymentPostprocessing = 0;
		};
/* End PBXFrameworksBuildPhase section */

/* Begin PBXGroup section */
		2AD6A383C2BC2F3613DAE82A /* Pods */ = {
			isa = PBXGroup;
			children = (
				73340F6DD88B5B3CF12276CE /* Pods-KokoFriendList.debug.xcconfig */,
				AA3534266256FFD819951B7E /* Pods-KokoFriendList.release.xcconfig */,
				45FF3AD5D0D96FE6F3958726 /* Pods-KokoFriendList-KokoFriendListUITests.debug.xcconfig */,
				76F21A6DC72454C0940F7DD8 /* Pods-KokoFriendList-KokoFriendListUITests.release.xcconfig */,
				2642CF2081EFAC64F0D5A881 /* Pods-KokoFriendListTests.debug.xcconfig */,
				05591EF23CBED0A6671F8227 /* Pods-KokoFriendListTests.release.xcconfig */,
			);
			path = Pods;
			sourceTree = "<group>";
		};
		64A944042C3A501E005812A5 = {
			isa = PBXGroup;
			children = (
				64A9440F2C3A501E005812A5 /* KokoFriendList */,
				64A944262C3A5021005812A5 /* KokoFriendListTests */,
				64A944302C3A5021005812A5 /* KokoFriendListUITests */,
				64A9440E2C3A501E005812A5 /* Products */,
				2AD6A383C2BC2F3613DAE82A /* Pods */,
				74934359EFC23BBA777DC449 /* Frameworks */,
			);
			sourceTree = "<group>";
		};
		64A9440E2C3A501E005812A5 /* Products */ = {
			isa = PBXGroup;
			children = (
				64A9440D2C3A501E005812A5 /* KokoFriendList.app */,
				64A944232C3A5021005812A5 /* KokoFriendListTests.xctest */,
				64A9442D2C3A5021005812A5 /* KokoFriendListUITests.xctest */,
			);
			name = Products;
			sourceTree = "<group>";
		};
		64A9440F2C3A501E005812A5 /* KokoFriendList */ = {
			isa = PBXGroup;
			children = (
				64A944102C3A501E005812A5 /* AppDelegate.swift */,
				64A944142C3A501E005812A5 /* MainTabBarController.swift */,
				64A944482C3A7F67005812A5 /* DataProvider */,
				64A944402C3A78B1005812A5 /* FriendMainPage */,
				64A944452C3A7943005812A5 /* EditMainPage */,
				64A944442C3A7902005812A5 /* Config */,
				64A9445E2C3AD80E005812A5 /* Extensions */,
				64A944192C3A5020005812A5 /* Assets.xcassets */,
				64A9441B2C3A5020005812A5 /* LaunchScreen.storyboard */,
				64A9441E2C3A5020005812A5 /* Info.plist */,
			);
			path = KokoFriendList;
			sourceTree = "<group>";
		};
		64A944262C3A5021005812A5 /* KokoFriendListTests */ = {
			isa = PBXGroup;
			children = (
				64A944272C3A5021005812A5 /* KokoFriendListTests.swift */,
			);
			path = KokoFriendListTests;
			sourceTree = "<group>";
		};
		64A944302C3A5021005812A5 /* KokoFriendListUITests */ = {
			isa = PBXGroup;
			children = (
				64A944312C3A5021005812A5 /* KokoFriendListUITests.swift */,
				64A944332C3A5021005812A5 /* KokoFriendListUITestsLaunchTests.swift */,
			);
			path = KokoFriendListUITests;
			sourceTree = "<group>";
		};
		64A944402C3A78B1005812A5 /* FriendMainPage */ = {
			isa = PBXGroup;
			children = (
				64A944412C3A78DF005812A5 /* FriendMainViewController.swift */,
				64A944542C3A8137005812A5 /* FriendMainViewModel.swift */,
				64A944562C3A8220005812A5 /* FriendListViewController.swift */,
				64A944582C3A822A005812A5 /* FriendListViewModel.swift */,
				64A944432C3A78E8005812A5 /* View */,
			);
			path = FriendMainPage;
			sourceTree = "<group>";
		};
		64A944432C3A78E8005812A5 /* View */ = {
			isa = PBXGroup;
			children = (
				64A9445A2C3A825F005812A5 /* FriendListTableViewCell.swift */,
				64A944502C3A80D2005812A5 /* AccountInfoView.swift */,
				64AC65E82C3B8D4900E5CADB /* InviteListView.swift */,
				64AC65EA2C3B9C0100E5CADB /* InviteInfoView.swift */,
				649E98022C4029DB00BC3572 /* SearchView.swift */,
				64A944522C3A80E9005812A5 /* EmptyView.swift */,
				649E98002C4024D700BC3572 /* MenuButton.swift */,
				64A56A4C2C44266500CB2883 /* GradientButton.swift */,
			);
			path = View;
			sourceTree = "<group>";
		};
		64A944442C3A7902005812A5 /* Config */ = {
			isa = PBXGroup;
			children = (
				64A56A4E2C4428E700CB2883 /* Constant.swift */,
			);
			path = Config;
			sourceTree = "<group>";
		};
		64A944452C3A7943005812A5 /* EditMainPage */ = {
			isa = PBXGroup;
			children = (
				64A944462C3A7968005812A5 /* EditMainViewController.swift */,
			);
			path = EditMainPage;
			sourceTree = "<group>";
		};
		64A944482C3A7F67005812A5 /* DataProvider */ = {
			isa = PBXGroup;
			children = (
				64A9444B2C3A8041005812A5 /* Model */,
				64A944492C3A7F7E005812A5 /* DataProvider.swift */,
			);
			path = DataProvider;
			sourceTree = "<group>";
		};
		64A9444B2C3A8041005812A5 /* Model */ = {
			isa = PBXGroup;
			children = (
				64A9444C2C3A8050005812A5 /* AccountInfo.swift */,
				64A9444E2C3A806B005812A5 /* FriendInfo.swift */,
				64A9445C2C3A8A7A005812A5 /* FriendListSource.swift */,
			);
			path = Model;
			sourceTree = "<group>";
		};
		64A9445E2C3AD80E005812A5 /* Extensions */ = {
			isa = PBXGroup;
			children = (
				64A9445F2C3AD835005812A5 /* UIFontExtension.swift */,
				64A944612C3AD860005812A5 /* UIColorExtension.swift */,
			);
			path = Extensions;
			sourceTree = "<group>";
		};
		74934359EFC23BBA777DC449 /* Frameworks */ = {
			isa = PBXGroup;
			children = (
				9A2662D62727C0FF5CDAE515 /* Pods_KokoFriendList.framework */,
				D896449275B1D669578EB1F5 /* Pods_KokoFriendList_KokoFriendListUITests.framework */,
				CEBCFFCDA8B48102936147B7 /* Pods_KokoFriendListTests.framework */,
			);
			name = Frameworks;
			sourceTree = "<group>";
		};
/* End PBXGroup section */

/* Begin PBXNativeTarget section */
		64A9440C2C3A501E005812A5 /* KokoFriendList */ = {
			isa = PBXNativeTarget;
			buildConfigurationList = 64A944372C3A5021005812A5 /* Build configuration list for PBXNativeTarget "KokoFriendList" */;
			buildPhases = (
				D9FA706E9EAD5E34A02AAB94 /* [CP] Check Pods Manifest.lock */,
				64A944092C3A501E005812A5 /* Sources */,
				64A9440A2C3A501E005812A5 /* Frameworks */,
				64A9440B2C3A501E005812A5 /* Resources */,
				F26947C0A59CAAEEDC1F56E6 /* [CP] Embed Pods Frameworks */,
			);
			buildRules = (
			);
			dependencies = (
			);
			name = KokoFriendList;
			productName = KokoFriendList;
			productReference = 64A9440D2C3A501E005812A5 /* KokoFriendList.app */;
			productType = "com.apple.product-type.application";
		};
		64A944222C3A5021005812A5 /* KokoFriendListTests */ = {
			isa = PBXNativeTarget;
			buildConfigurationList = 64A9443A2C3A5021005812A5 /* Build configuration list for PBXNativeTarget "KokoFriendListTests" */;
			buildPhases = (
				FA7BF1D1E6DDBB846E966510 /* [CP] Check Pods Manifest.lock */,
				64A9441F2C3A5021005812A5 /* Sources */,
				64A944202C3A5021005812A5 /* Frameworks */,
				64A944212C3A5021005812A5 /* Resources */,
			);
			buildRules = (
			);
			dependencies = (
				64A944252C3A5021005812A5 /* PBXTargetDependency */,
			);
			name = KokoFriendListTests;
			productName = KokoFriendListTests;
			productReference = 64A944232C3A5021005812A5 /* KokoFriendListTests.xctest */;
			productType = "com.apple.product-type.bundle.unit-test";
		};
		64A9442C2C3A5021005812A5 /* KokoFriendListUITests */ = {
			isa = PBXNativeTarget;
			buildConfigurationList = 64A9443D2C3A5021005812A5 /* Build configuration list for PBXNativeTarget "KokoFriendListUITests" */;
			buildPhases = (
				F04B61165CF3D0C81AACAB08 /* [CP] Check Pods Manifest.lock */,
				64A944292C3A5021005812A5 /* Sources */,
				64A9442A2C3A5021005812A5 /* Frameworks */,
				64A9442B2C3A5021005812A5 /* Resources */,
				DC21AA28FBB759ACF2D45DFF /* [CP] Embed Pods Frameworks */,
			);
			buildRules = (
			);
			dependencies = (
				64A9442F2C3A5021005812A5 /* PBXTargetDependency */,
			);
			name = KokoFriendListUITests;
			productName = KokoFriendListUITests;
			productReference = 64A9442D2C3A5021005812A5 /* KokoFriendListUITests.xctest */;
			productType = "com.apple.product-type.bundle.ui-testing";
		};
/* End PBXNativeTarget section */

/* Begin PBXProject section */
		64A944052C3A501E005812A5 /* Project object */ = {
			isa = PBXProject;
			attributes = {
				BuildIndependentTargetsInParallel = 1;
				LastSwiftUpdateCheck = 1530;
				LastUpgradeCheck = 1530;
				TargetAttributes = {
					64A9440C2C3A501E005812A5 = {
						CreatedOnToolsVersion = 15.3;
					};
					64A944222C3A5021005812A5 = {
						CreatedOnToolsVersion = 15.3;
						TestTargetID = 64A9440C2C3A501E005812A5;
					};
					64A9442C2C3A5021005812A5 = {
						CreatedOnToolsVersion = 15.3;
						TestTargetID = 64A9440C2C3A501E005812A5;
					};
				};
			};
			buildConfigurationList = 64A944082C3A501E005812A5 /* Build configuration list for PBXProject "KokoFriendList" */;
			compatibilityVersion = "Xcode 14.0";
			developmentRegion = en;
			hasScannedForEncodings = 0;
			knownRegions = (
				en,
				Base,
			);
			mainGroup = 64A944042C3A501E005812A5;
			productRefGroup = 64A9440E2C3A501E005812A5 /* Products */;
			projectDirPath = "";
			projectRoot = "";
			targets = (
				64A9440C2C3A501E005812A5 /* KokoFriendList */,
				64A944222C3A5021005812A5 /* KokoFriendListTests */,
				64A9442C2C3A5021005812A5 /* KokoFriendListUITests */,
			);
		};
/* End PBXProject section */

/* Begin PBXResourcesBuildPhase section */
		64A9440B2C3A501E005812A5 /* Resources */ = {
			isa = PBXResourcesBuildPhase;
			buildActionMask = 2147483647;
			files = (
				64A9441A2C3A5020005812A5 /* Assets.xcassets in Resources */,
				64A9441D2C3A5020005812A5 /* Base in Resources */,
			);
			runOnlyForDeploymentPostprocessing = 0;
		};
		64A944212C3A5021005812A5 /* Resources */ = {
			isa = PBXResourcesBuildPhase;
			buildActionMask = 2147483647;
			files = (
			);
			runOnlyForDeploymentPostprocessing = 0;
		};
		64A9442B2C3A5021005812A5 /* Resources */ = {
			isa = PBXResourcesBuildPhase;
			buildActionMask = 2147483647;
			files = (
			);
			runOnlyForDeploymentPostprocessing = 0;
		};
/* End PBXResourcesBuildPhase section */

/* Begin PBXShellScriptBuildPhase section */
		D9FA706E9EAD5E34A02AAB94 /* [CP] Check Pods Manifest.lock */ = {
			isa = PBXShellScriptBuildPhase;
			buildActionMask = 2147483647;
			files = (
			);
			inputFileListPaths = (
			);
			inputPaths = (
				"${PODS_PODFILE_DIR_PATH}/Podfile.lock",
				"${PODS_ROOT}/Manifest.lock",
			);
			name = "[CP] Check Pods Manifest.lock";
			outputFileListPaths = (
			);
			outputPaths = (
				"$(DERIVED_FILE_DIR)/Pods-KokoFriendList-checkManifestLockResult.txt",
			);
			runOnlyForDeploymentPostprocessing = 0;
			shellPath = /bin/sh;
			shellScript = "diff \"${PODS_PODFILE_DIR_PATH}/Podfile.lock\" \"${PODS_ROOT}/Manifest.lock\" > /dev/null\nif [ $? != 0 ] ; then\n    # print error to STDERR\n    echo \"error: The sandbox is not in sync with the Podfile.lock. Run 'pod install' or update your CocoaPods installation.\" >&2\n    exit 1\nfi\n# This output is used by Xcode 'outputs' to avoid re-running this script phase.\necho \"SUCCESS\" > \"${SCRIPT_OUTPUT_FILE_0}\"\n";
			showEnvVarsInLog = 0;
		};
		DC21AA28FBB759ACF2D45DFF /* [CP] Embed Pods Frameworks */ = {
			isa = PBXShellScriptBuildPhase;
			buildActionMask = 2147483647;
			files = (
			);
			inputFileListPaths = (
				"${PODS_ROOT}/Target Support Files/Pods-KokoFriendList-KokoFriendListUITests/Pods-KokoFriendList-KokoFriendListUITests-frameworks-${CONFIGURATION}-input-files.xcfilelist",
			);
			name = "[CP] Embed Pods Frameworks";
			outputFileListPaths = (
				"${PODS_ROOT}/Target Support Files/Pods-KokoFriendList-KokoFriendListUITests/Pods-KokoFriendList-KokoFriendListUITests-frameworks-${CONFIGURATION}-output-files.xcfilelist",
			);
			runOnlyForDeploymentPostprocessing = 0;
			shellPath = /bin/sh;
			shellScript = "\"${PODS_ROOT}/Target Support Files/Pods-KokoFriendList-KokoFriendListUITests/Pods-KokoFriendList-KokoFriendListUITests-frameworks.sh\"\n";
			showEnvVarsInLog = 0;
		};
		F04B61165CF3D0C81AACAB08 /* [CP] Check Pods Manifest.lock */ = {
			isa = PBXShellScriptBuildPhase;
			buildActionMask = 2147483647;
			files = (
			);
			inputFileListPaths = (
			);
			inputPaths = (
				"${PODS_PODFILE_DIR_PATH}/Podfile.lock",
				"${PODS_ROOT}/Manifest.lock",
			);
			name = "[CP] Check Pods Manifest.lock";
			outputFileListPaths = (
			);
			outputPaths = (
				"$(DERIVED_FILE_DIR)/Pods-KokoFriendList-KokoFriendListUITests-checkManifestLockResult.txt",
			);
			runOnlyForDeploymentPostprocessing = 0;
			shellPath = /bin/sh;
			shellScript = "diff \"${PODS_PODFILE_DIR_PATH}/Podfile.lock\" \"${PODS_ROOT}/Manifest.lock\" > /dev/null\nif [ $? != 0 ] ; then\n    # print error to STDERR\n    echo \"error: The sandbox is not in sync with the Podfile.lock. Run 'pod install' or update your CocoaPods installation.\" >&2\n    exit 1\nfi\n# This output is used by Xcode 'outputs' to avoid re-running this script phase.\necho \"SUCCESS\" > \"${SCRIPT_OUTPUT_FILE_0}\"\n";
			showEnvVarsInLog = 0;
		};
		F26947C0A59CAAEEDC1F56E6 /* [CP] Embed Pods Frameworks */ = {
			isa = PBXShellScriptBuildPhase;
			buildActionMask = 2147483647;
			files = (
			);
			inputFileListPaths = (
				"${PODS_ROOT}/Target Support Files/Pods-KokoFriendList/Pods-KokoFriendList-frameworks-${CONFIGURATION}-input-files.xcfilelist",
			);
			name = "[CP] Embed Pods Frameworks";
			outputFileListPaths = (
				"${PODS_ROOT}/Target Support Files/Pods-KokoFriendList/Pods-KokoFriendList-frameworks-${CONFIGURATION}-output-files.xcfilelist",
			);
			runOnlyForDeploymentPostprocessing = 0;
			shellPath = /bin/sh;
			shellScript = "\"${PODS_ROOT}/Target Support Files/Pods-KokoFriendList/Pods-KokoFriendList-frameworks.sh\"\n";
			showEnvVarsInLog = 0;
		};
		FA7BF1D1E6DDBB846E966510 /* [CP] Check Pods Manifest.lock */ = {
			isa = PBXShellScriptBuildPhase;
			buildActionMask = 2147483647;
			files = (
			);
			inputFileListPaths = (
			);
			inputPaths = (
				"${PODS_PODFILE_DIR_PATH}/Podfile.lock",
				"${PODS_ROOT}/Manifest.lock",
			);
			name = "[CP] Check Pods Manifest.lock";
			outputFileListPaths = (
			);
			outputPaths = (
				"$(DERIVED_FILE_DIR)/Pods-KokoFriendListTests-checkManifestLockResult.txt",
			);
			runOnlyForDeploymentPostprocessing = 0;
			shellPath = /bin/sh;
			shellScript = "diff \"${PODS_PODFILE_DIR_PATH}/Podfile.lock\" \"${PODS_ROOT}/Manifest.lock\" > /dev/null\nif [ $? != 0 ] ; then\n    # print error to STDERR\n    echo \"error: The sandbox is not in sync with the Podfile.lock. Run 'pod install' or update your CocoaPods installation.\" >&2\n    exit 1\nfi\n# This output is used by Xcode 'outputs' to avoid re-running this script phase.\necho \"SUCCESS\" > \"${SCRIPT_OUTPUT_FILE_0}\"\n";
			showEnvVarsInLog = 0;
		};
/* End PBXShellScriptBuildPhase section */

/* Begin PBXSourcesBuildPhase section */
		64A944092C3A501E005812A5 /* Sources */ = {
			isa = PBXSourcesBuildPhase;
			buildActionMask = 2147483647;
			files = (
				649E98032C4029DB00BC3572 /* SearchView.swift in Sources */,
				64A9445D2C3A8A7A005812A5 /* FriendListSource.swift in Sources */,
				64AC65EB2C3B9C0100E5CADB /* InviteInfoView.swift in Sources */,
				64A944602C3AD835005812A5 /* UIFontExtension.swift in Sources */,
				64A944572C3A8220005812A5 /* FriendListViewController.swift in Sources */,
				64A944152C3A501E005812A5 /* MainTabBarController.swift in Sources */,
				64A944532C3A80E9005812A5 /* EmptyView.swift in Sources */,
				64A56A4D2C44266500CB2883 /* GradientButton.swift in Sources */,
				64A944472C3A7968005812A5 /* EditMainViewController.swift in Sources */,
				64A944552C3A8137005812A5 /* FriendMainViewModel.swift in Sources */,
				64A9444F2C3A806B005812A5 /* FriendInfo.swift in Sources */,
				64A9444A2C3A7F7E005812A5 /* DataProvider.swift in Sources */,
				64A944512C3A80D2005812A5 /* AccountInfoView.swift in Sources */,
				64AC65E92C3B8D4900E5CADB /* InviteListView.swift in Sources */,
				649E98012C4024D700BC3572 /* MenuButton.swift in Sources */,
				64A9445B2C3A825F005812A5 /* FriendListTableViewCell.swift in Sources */,
				64A944622C3AD860005812A5 /* UIColorExtension.swift in Sources */,
				64A944592C3A822A005812A5 /* FriendListViewModel.swift in Sources */,
				64A944112C3A501E005812A5 /* AppDelegate.swift in Sources */,
				64A56A4F2C4428E700CB2883 /* Constant.swift in Sources */,
				64A944422C3A78DF005812A5 /* FriendMainViewController.swift in Sources */,
				64A9444D2C3A8050005812A5 /* AccountInfo.swift in Sources */,
			);
			runOnlyForDeploymentPostprocessing = 0;
		};
		64A9441F2C3A5021005812A5 /* Sources */ = {
			isa = PBXSourcesBuildPhase;
			buildActionMask = 2147483647;
			files = (
				64A944282C3A5021005812A5 /* KokoFriendListTests.swift in Sources */,
			);
			runOnlyForDeploymentPostprocessing = 0;
		};
		64A944292C3A5021005812A5 /* Sources */ = {
			isa = PBXSourcesBuildPhase;
			buildActionMask = 2147483647;
			files = (
				64A944342C3A5021005812A5 /* KokoFriendListUITestsLaunchTests.swift in Sources */,
				64A944322C3A5021005812A5 /* KokoFriendListUITests.swift in Sources */,
			);
			runOnlyForDeploymentPostprocessing = 0;
		};
/* End PBXSourcesBuildPhase section */

/* Begin PBXTargetDependency section */
		64A944252C3A5021005812A5 /* PBXTargetDependency */ = {
			isa = PBXTargetDependency;
			target = 64A9440C2C3A501E005812A5 /* KokoFriendList */;
			targetProxy = 64A944242C3A5021005812A5 /* PBXContainerItemProxy */;
		};
		64A9442F2C3A5021005812A5 /* PBXTargetDependency */ = {
			isa = PBXTargetDependency;
			target = 64A9440C2C3A501E005812A5 /* KokoFriendList */;
			targetProxy = 64A9442E2C3A5021005812A5 /* PBXContainerItemProxy */;
		};
/* End PBXTargetDependency section */

/* Begin PBXVariantGroup section */
		64A9441B2C3A5020005812A5 /* LaunchScreen.storyboard */ = {
			isa = PBXVariantGroup;
			children = (
				64A9441C2C3A5020005812A5 /* Base */,
			);
			name = LaunchScreen.storyboard;
			sourceTree = "<group>";
		};
/* End PBXVariantGroup section */

/* Begin XCBuildConfiguration section */
		64A944352C3A5021005812A5 /* Debug */ = {
			isa = XCBuildConfiguration;
			buildSettings = {
				ALWAYS_SEARCH_USER_PATHS = NO;
				ASSETCATALOG_COMPILER_GENERATE_SWIFT_ASSET_SYMBOL_EXTENSIONS = YES;
				CLANG_ANALYZER_NONNULL = YES;
				CLANG_ANALYZER_NUMBER_OBJECT_CONVERSION = YES_AGGRESSIVE;
				CLANG_CXX_LANGUAGE_STANDARD = "gnu++20";
				CLANG_ENABLE_MODULES = YES;
				CLANG_ENABLE_OBJC_ARC = YES;
				CLANG_ENABLE_OBJC_WEAK = YES;
				CLANG_WARN_BLOCK_CAPTURE_AUTORELEASING = YES;
				CLANG_WARN_BOOL_CONVERSION = YES;
				CLANG_WARN_COMMA = YES;
				CLANG_WARN_CONSTANT_CONVERSION = YES;
				CLANG_WARN_DEPRECATED_OBJC_IMPLEMENTATIONS = YES;
				CLANG_WARN_DIRECT_OBJC_ISA_USAGE = YES_ERROR;
				CLANG_WARN_DOCUMENTATION_COMMENTS = YES;
				CLANG_WARN_EMPTY_BODY = YES;
				CLANG_WARN_ENUM_CONVERSION = YES;
				CLANG_WARN_INFINITE_RECURSION = YES;
				CLANG_WARN_INT_CONVERSION = YES;
				CLANG_WARN_NON_LITERAL_NULL_CONVERSION = YES;
				CLANG_WARN_OBJC_IMPLICIT_RETAIN_SELF = YES;
				CLANG_WARN_OBJC_LITERAL_CONVERSION = YES;
				CLANG_WARN_OBJC_ROOT_CLASS = YES_ERROR;
				CLANG_WARN_QUOTED_INCLUDE_IN_FRAMEWORK_HEADER = YES;
				CLANG_WARN_RANGE_LOOP_ANALYSIS = YES;
				CLANG_WARN_STRICT_PROTOTYPES = YES;
				CLANG_WARN_SUSPICIOUS_MOVE = YES;
				CLANG_WARN_UNGUARDED_AVAILABILITY = YES_AGGRESSIVE;
				CLANG_WARN_UNREACHABLE_CODE = YES;
				CLANG_WARN__DUPLICATE_METHOD_MATCH = YES;
				COPY_PHASE_STRIP = NO;
				DEBUG_INFORMATION_FORMAT = dwarf;
				ENABLE_STRICT_OBJC_MSGSEND = YES;
				ENABLE_TESTABILITY = YES;
				ENABLE_USER_SCRIPT_SANDBOXING = YES;
				GCC_C_LANGUAGE_STANDARD = gnu17;
				GCC_DYNAMIC_NO_PIC = NO;
				GCC_NO_COMMON_BLOCKS = YES;
				GCC_OPTIMIZATION_LEVEL = 0;
				GCC_PREPROCESSOR_DEFINITIONS = (
					"DEBUG=1",
					"$(inherited)",
				);
				GCC_WARN_64_TO_32_BIT_CONVERSION = YES;
				GCC_WARN_ABOUT_RETURN_TYPE = YES_ERROR;
				GCC_WARN_UNDECLARED_SELECTOR = YES;
				GCC_WARN_UNINITIALIZED_AUTOS = YES_AGGRESSIVE;
				GCC_WARN_UNUSED_FUNCTION = YES;
				GCC_WARN_UNUSED_VARIABLE = YES;
				IPHONEOS_DEPLOYMENT_TARGET = 17.4;
				LOCALIZATION_PREFERS_STRING_CATALOGS = YES;
				MTL_ENABLE_DEBUG_INFO = INCLUDE_SOURCE;
				MTL_FAST_MATH = YES;
				ONLY_ACTIVE_ARCH = YES;
				SDKROOT = iphoneos;
				SWIFT_ACTIVE_COMPILATION_CONDITIONS = "DEBUG $(inherited)";
				SWIFT_OPTIMIZATION_LEVEL = "-Onone";
			};
			name = Debug;
		};
		64A944362C3A5021005812A5 /* Release */ = {
			isa = XCBuildConfiguration;
			buildSettings = {
				ALWAYS_SEARCH_USER_PATHS = NO;
				ASSETCATALOG_COMPILER_GENERATE_SWIFT_ASSET_SYMBOL_EXTENSIONS = YES;
				CLANG_ANALYZER_NONNULL = YES;
				CLANG_ANALYZER_NUMBER_OBJECT_CONVERSION = YES_AGGRESSIVE;
				CLANG_CXX_LANGUAGE_STANDARD = "gnu++20";
				CLANG_ENABLE_MODULES = YES;
				CLANG_ENABLE_OBJC_ARC = YES;
				CLANG_ENABLE_OBJC_WEAK = YES;
				CLANG_WARN_BLOCK_CAPTURE_AUTORELEASING = YES;
				CLANG_WARN_BOOL_CONVERSION = YES;
				CLANG_WARN_COMMA = YES;
				CLANG_WARN_CONSTANT_CONVERSION = YES;
				CLANG_WARN_DEPRECATED_OBJC_IMPLEMENTATIONS = YES;
				CLANG_WARN_DIRECT_OBJC_ISA_USAGE = YES_ERROR;
				CLANG_WARN_DOCUMENTATION_COMMENTS = YES;
				CLANG_WARN_EMPTY_BODY = YES;
				CLANG_WARN_ENUM_CONVERSION = YES;
				CLANG_WARN_INFINITE_RECURSION = YES;
				CLANG_WARN_INT_CONVERSION = YES;
				CLANG_WARN_NON_LITERAL_NULL_CONVERSION = YES;
				CLANG_WARN_OBJC_IMPLICIT_RETAIN_SELF = YES;
				CLANG_WARN_OBJC_LITERAL_CONVERSION = YES;
				CLANG_WARN_OBJC_ROOT_CLASS = YES_ERROR;
				CLANG_WARN_QUOTED_INCLUDE_IN_FRAMEWORK_HEADER = YES;
				CLANG_WARN_RANGE_LOOP_ANALYSIS = YES;
				CLANG_WARN_STRICT_PROTOTYPES = YES;
				CLANG_WARN_SUSPICIOUS_MOVE = YES;
				CLANG_WARN_UNGUARDED_AVAILABILITY = YES_AGGRESSIVE;
				CLANG_WARN_UNREACHABLE_CODE = YES;
				CLANG_WARN__DUPLICATE_METHOD_MATCH = YES;
				COPY_PHASE_STRIP = NO;
				DEBUG_INFORMATION_FORMAT = "dwarf-with-dsym";
				ENABLE_NS_ASSERTIONS = NO;
				ENABLE_STRICT_OBJC_MSGSEND = YES;
				ENABLE_USER_SCRIPT_SANDBOXING = YES;
				GCC_C_LANGUAGE_STANDARD = gnu17;
				GCC_NO_COMMON_BLOCKS = YES;
				GCC_WARN_64_TO_32_BIT_CONVERSION = YES;
				GCC_WARN_ABOUT_RETURN_TYPE = YES_ERROR;
				GCC_WARN_UNDECLARED_SELECTOR = YES;
				GCC_WARN_UNINITIALIZED_AUTOS = YES_AGGRESSIVE;
				GCC_WARN_UNUSED_FUNCTION = YES;
				GCC_WARN_UNUSED_VARIABLE = YES;
				IPHONEOS_DEPLOYMENT_TARGET = 17.4;
				LOCALIZATION_PREFERS_STRING_CATALOGS = YES;
				MTL_ENABLE_DEBUG_INFO = NO;
				MTL_FAST_MATH = YES;
				SDKROOT = iphoneos;
				SWIFT_COMPILATION_MODE = wholemodule;
				VALIDATE_PRODUCT = YES;
			};
			name = Release;
		};
		64A944382C3A5021005812A5 /* Debug */ = {
			isa = XCBuildConfiguration;
			baseConfigurationReference = 73340F6DD88B5B3CF12276CE /* Pods-KokoFriendList.debug.xcconfig */;
			buildSettings = {
				ASSETCATALOG_COMPILER_APPICON_NAME = AppIcon;
				ASSETCATALOG_COMPILER_GLOBAL_ACCENT_COLOR_NAME = AccentColor;
				CODE_SIGN_STYLE = Automatic;
				CURRENT_PROJECT_VERSION = 1;
				DEVELOPMENT_TEAM = X8VRLAS2GU;
				ENABLE_USER_SCRIPT_SANDBOXING = NO;
				GENERATE_INFOPLIST_FILE = YES;
				INFOPLIST_FILE = KokoFriendList/Info.plist;
				INFOPLIST_KEY_UIApplicationSupportsIndirectInputEvents = YES;
				INFOPLIST_KEY_UILaunchStoryboardName = LaunchScreen;
				INFOPLIST_KEY_UISupportedInterfaceOrientations_iPad = "UIInterfaceOrientationPortrait UIInterfaceOrientationPortraitUpsideDown UIInterfaceOrientationLandscapeLeft UIInterfaceOrientationLandscapeRight";
				INFOPLIST_KEY_UISupportedInterfaceOrientations_iPhone = "UIInterfaceOrientationPortrait UIInterfaceOrientationLandscapeLeft UIInterfaceOrientationLandscapeRight";
				LD_RUNPATH_SEARCH_PATHS = (
					"$(inherited)",
					"@executable_path/Frameworks",
				);
				MARKETING_VERSION = 1.0;
				PRODUCT_BUNDLE_IDENTIFIER = project.portfolio.alicefang.KokoFriendList;
				PRODUCT_NAME = "$(TARGET_NAME)";
				SWIFT_EMIT_LOC_STRINGS = YES;
				SWIFT_VERSION = 5.0;
				TARGETED_DEVICE_FAMILY = "1,2";
			};
			name = Debug;
		};
		64A944392C3A5021005812A5 /* Release */ = {
			isa = XCBuildConfiguration;
			baseConfigurationReference = AA3534266256FFD819951B7E /* Pods-KokoFriendList.release.xcconfig */;
			buildSettings = {
				ASSETCATALOG_COMPILER_APPICON_NAME = AppIcon;
				ASSETCATALOG_COMPILER_GLOBAL_ACCENT_COLOR_NAME = AccentColor;
				CODE_SIGN_STYLE = Automatic;
				CURRENT_PROJECT_VERSION = 1;
				DEVELOPMENT_TEAM = X8VRLAS2GU;
				ENABLE_USER_SCRIPT_SANDBOXING = NO;
				GENERATE_INFOPLIST_FILE = YES;
				INFOPLIST_FILE = KokoFriendList/Info.plist;
				INFOPLIST_KEY_UIApplicationSupportsIndirectInputEvents = YES;
				INFOPLIST_KEY_UILaunchStoryboardName = LaunchScreen;
				INFOPLIST_KEY_UISupportedInterfaceOrientations_iPad = "UIInterfaceOrientationPortrait UIInterfaceOrientationPortraitUpsideDown UIInterfaceOrientationLandscapeLeft UIInterfaceOrientationLandscapeRight";
				INFOPLIST_KEY_UISupportedInterfaceOrientations_iPhone = "UIInterfaceOrientationPortrait UIInterfaceOrientationLandscapeLeft UIInterfaceOrientationLandscapeRight";
				LD_RUNPATH_SEARCH_PATHS = (
					"$(inherited)",
					"@executable_path/Frameworks",
				);
				MARKETING_VERSION = 1.0;
				PRODUCT_BUNDLE_IDENTIFIER = project.portfolio.alicefang.KokoFriendList;
				PRODUCT_NAME = "$(TARGET_NAME)";
				SWIFT_EMIT_LOC_STRINGS = YES;
				SWIFT_VERSION = 5.0;
				TARGETED_DEVICE_FAMILY = "1,2";
			};
			name = Release;
		};
		64A9443B2C3A5021005812A5 /* Debug */ = {
			isa = XCBuildConfiguration;
			baseConfigurationReference = 2642CF2081EFAC64F0D5A881 /* Pods-KokoFriendListTests.debug.xcconfig */;
			buildSettings = {
				ALWAYS_EMBED_SWIFT_STANDARD_LIBRARIES = YES;
				BUNDLE_LOADER = "$(TEST_HOST)";
				CODE_SIGN_STYLE = Automatic;
				CURRENT_PROJECT_VERSION = 1;
				DEVELOPMENT_TEAM = X8VRLAS2GU;
				GENERATE_INFOPLIST_FILE = YES;
				IPHONEOS_DEPLOYMENT_TARGET = 17.4;
				MARKETING_VERSION = 1.0;
				PRODUCT_BUNDLE_IDENTIFIER = project.portfolio.alicefang.KokoFriendListTests;
				PRODUCT_NAME = "$(TARGET_NAME)";
				SWIFT_EMIT_LOC_STRINGS = NO;
				SWIFT_VERSION = 5.0;
				TARGETED_DEVICE_FAMILY = "1,2";
				TEST_HOST = "$(BUILT_PRODUCTS_DIR)/KokoFriendList.app/$(BUNDLE_EXECUTABLE_FOLDER_PATH)/KokoFriendList";
			};
			name = Debug;
		};
		64A9443C2C3A5021005812A5 /* Release */ = {
			isa = XCBuildConfiguration;
			baseConfigurationReference = 05591EF23CBED0A6671F8227 /* Pods-KokoFriendListTests.release.xcconfig */;
			buildSettings = {
				ALWAYS_EMBED_SWIFT_STANDARD_LIBRARIES = YES;
				BUNDLE_LOADER = "$(TEST_HOST)";
				CODE_SIGN_STYLE = Automatic;
				CURRENT_PROJECT_VERSION = 1;
				DEVELOPMENT_TEAM = X8VRLAS2GU;
				GENERATE_INFOPLIST_FILE = YES;
				IPHONEOS_DEPLOYMENT_TARGET = 17.4;
				MARKETING_VERSION = 1.0;
				PRODUCT_BUNDLE_IDENTIFIER = project.portfolio.alicefang.KokoFriendListTests;
				PRODUCT_NAME = "$(TARGET_NAME)";
				SWIFT_EMIT_LOC_STRINGS = NO;
				SWIFT_VERSION = 5.0;
				TARGETED_DEVICE_FAMILY = "1,2";
				TEST_HOST = "$(BUILT_PRODUCTS_DIR)/KokoFriendList.app/$(BUNDLE_EXECUTABLE_FOLDER_PATH)/KokoFriendList";
			};
			name = Release;
		};
		64A9443E2C3A5021005812A5 /* Debug */ = {
			isa = XCBuildConfiguration;
			baseConfigurationReference = 45FF3AD5D0D96FE6F3958726 /* Pods-KokoFriendList-KokoFriendListUITests.debug.xcconfig */;
			buildSettings = {
				ALWAYS_EMBED_SWIFT_STANDARD_LIBRARIES = YES;
				CODE_SIGN_STYLE = Automatic;
				CURRENT_PROJECT_VERSION = 1;
				DEVELOPMENT_TEAM = X8VRLAS2GU;
				GENERATE_INFOPLIST_FILE = YES;
				MARKETING_VERSION = 1.0;
				PRODUCT_BUNDLE_IDENTIFIER = project.portfolio.alicefang.KokoFriendListUITests;
				PRODUCT_NAME = "$(TARGET_NAME)";
				SWIFT_EMIT_LOC_STRINGS = NO;
				SWIFT_VERSION = 5.0;
				TARGETED_DEVICE_FAMILY = "1,2";
				TEST_TARGET_NAME = KokoFriendList;
			};
			name = Debug;
		};
		64A9443F2C3A5021005812A5 /* Release */ = {
			isa = XCBuildConfiguration;
			baseConfigurationReference = 76F21A6DC72454C0940F7DD8 /* Pods-KokoFriendList-KokoFriendListUITests.release.xcconfig */;
			buildSettings = {
				ALWAYS_EMBED_SWIFT_STANDARD_LIBRARIES = YES;
				CODE_SIGN_STYLE = Automatic;
				CURRENT_PROJECT_VERSION = 1;
				DEVELOPMENT_TEAM = X8VRLAS2GU;
				GENERATE_INFOPLIST_FILE = YES;
				MARKETING_VERSION = 1.0;
				PRODUCT_BUNDLE_IDENTIFIER = project.portfolio.alicefang.KokoFriendListUITests;
				PRODUCT_NAME = "$(TARGET_NAME)";
				SWIFT_EMIT_LOC_STRINGS = NO;
				SWIFT_VERSION = 5.0;
				TARGETED_DEVICE_FAMILY = "1,2";
				TEST_TARGET_NAME = KokoFriendList;
			};
			name = Release;
		};
/* End XCBuildConfiguration section */

/* Begin XCConfigurationList section */
		64A944082C3A501E005812A5 /* Build configuration list for PBXProject "KokoFriendList" */ = {
			isa = XCConfigurationList;
			buildConfigurations = (
				64A944352C3A5021005812A5 /* Debug */,
				64A944362C3A5021005812A5 /* Release */,
			);
			defaultConfigurationIsVisible = 0;
			defaultConfigurationName = Release;
		};
		64A944372C3A5021005812A5 /* Build configuration list for PBXNativeTarget "KokoFriendList" */ = {
			isa = XCConfigurationList;
			buildConfigurations = (
				64A944382C3A5021005812A5 /* Debug */,
				64A944392C3A5021005812A5 /* Release */,
			);
			defaultConfigurationIsVisible = 0;
			defaultConfigurationName = Release;
		};
		64A9443A2C3A5021005812A5 /* Build configuration list for PBXNativeTarget "KokoFriendListTests" */ = {
			isa = XCConfigurationList;
			buildConfigurations = (
				64A9443B2C3A5021005812A5 /* Debug */,
				64A9443C2C3A5021005812A5 /* Release */,
			);
			defaultConfigurationIsVisible = 0;
			defaultConfigurationName = Release;
		};
		64A9443D2C3A5021005812A5 /* Build configuration list for PBXNativeTarget "KokoFriendListUITests" */ = {
			isa = XCConfigurationList;
			buildConfigurations = (
				64A9443E2C3A5021005812A5 /* Debug */,
				64A9443F2C3A5021005812A5 /* Release */,
			);
			defaultConfigurationIsVisible = 0;
			defaultConfigurationName = Release;
		};
/* End XCConfigurationList section */
	};
	rootObject = 64A944052C3A501E005812A5 /* Project object */;
}
